
Microsoft Visual Studio Solution File, Format Version 12.00
# Visual Studio Version 17
VisualStudioVersion = 17.1.32210.238
MinimumVisualStudioVersion = 10.0.40219.1
Project("{2150E333-8FDC-42A3-9474-1A3956D46DE8}") = "Solution Items", "Solution Items", "{D4FD397F-EA0A-43D4-8C3A-FA24F3B5F8A2}"
	ProjectSection(SolutionItems) = preProject
		.editorconfig = .editorconfig
		README.md = README.md
	EndProjectSection
EndProject
Project("{2150E333-8FDC-42A3-9474-1A3956D46DE8}") = "src", "src", "{4B576EA6-86A0-444A-90A3-6CCE1ADF20E8}"
EndProject
Project("{2150E333-8FDC-42A3-9474-1A3956D46DE8}") = "API", "API", "{57264E91-1F5C-42DB-B8B4-C57CE7344642}"
EndProject
Project("{2150E333-8FDC-42A3-9474-1A3956D46DE8}") = "Core", "Core", "{BCFE6307-CBAF-40A7-9C73-EE02D0F3E51A}"
EndProject
Project("{2150E333-8FDC-42A3-9474-1A3956D46DE8}") = "Infrastructure", "Infrastructure", "{A83A8565-3B72-46B4-85E0-27255E6A675C}"
EndProject
Project("{2150E333-8FDC-42A3-9474-1A3956D46DE8}") = "tests", "tests", "{B342C11B-B383-4464-B9A2-499393A1C345}"
EndProject
Project("{2150E333-8FDC-42A3-9474-1A3956D46DE8}") = "POSTMAN-Collection", "POSTMAN-Collection", "{C6ADC353-C9A7-4EC6-9A73-D4C8B009B7BA}"
	ProjectSection(SolutionItems) = preProject
		tests\POSTMAN-Collection\Rocco Company.postman_collection.json = tests\POSTMAN-Collection\Rocco Company.postman_collection.json
	EndProjectSection
EndProject
Project("{9A19103F-16F7-4668-BE54-9A1E7A4F7556}") = "Rocco.Web.API", "src\Rocco.Web.API\Rocco.Web.API.csproj", "{860B98DC-0749-4890-AEC6-6CB8D6E54D53}"
EndProject
Project("{9A19103F-16F7-4668-BE54-9A1E7A4F7556}") = "Rocco.Domain", "src\Rocco.Domain\Rocco.Domain.csproj", "{0C3F99E5-825E-43DC-BBA1-5341FFA3B6DF}"
EndProject
Project("{9A19103F-16F7-4668-BE54-9A1E7A4F7556}") = "Rocco.Application", "src\Rocco.Application\Rocco.Application.csproj", "{06011BA0-A012-4C56-893D-B98163BB9D11}"
EndProject
Project("{9A19103F-16F7-4668-BE54-9A1E7A4F7556}") = "Rocco.Persistence", "src\Rocco.Persistence\Rocco.Persistence.csproj", "{D88EA73B-D77A-4B74-A119-2DF5F6ACD7A3}"
EndProject
Project("{9A19103F-16F7-4668-BE54-9A1E7A4F7556}") = "Rocco.Identity", "src\Rocco.Identity\Rocco.Identity.csproj", "{DD0C3524-5D75-4183-8978-60C6A457F049}"
EndProject
Project("{9A19103F-16F7-4668-BE54-9A1E7A4F7556}") = "Rocco.Infrastructure", "src\Rocco.Infrastructure\Rocco.Infrastructure.csproj", "{C1AB8601-970A-42C3-AC40-FCC7F166EDD6}"
EndProject
Global
	GlobalSection(SolutionConfigurationPlatforms) = preSolution
		Debug|Any CPU = Debug|Any CPU
		Release|Any CPU = Release|Any CPU
	EndGlobalSection
	GlobalSection(ProjectConfigurationPlatforms) = postSolution
		{860B98DC-0749-4890-AEC6-6CB8D6E54D53}.Debug|Any CPU.ActiveCfg = Debug|Any CPU
		{860B98DC-0749-4890-AEC6-6CB8D6E54D53}.Debug|Any CPU.Build.0 = Debug|Any CPU
		{860B98DC-0749-4890-AEC6-6CB8D6E54D53}.Release|Any CPU.ActiveCfg = Release|Any CPU
		{860B98DC-0749-4890-AEC6-6CB8D6E54D53}.Release|Any CPU.Build.0 = Release|Any CPU
		{0C3F99E5-825E-43DC-BBA1-5341FFA3B6DF}.Debug|Any CPU.ActiveCfg = Debug|Any CPU
		{0C3F99E5-825E-43DC-BBA1-5341FFA3B6DF}.Debug|Any CPU.Build.0 = Debug|Any CPU
		{0C3F99E5-825E-43DC-BBA1-5341FFA3B6DF}.Release|Any CPU.ActiveCfg = Release|Any CPU
		{0C3F99E5-825E-43DC-BBA1-5341FFA3B6DF}.Release|Any CPU.Build.0 = Release|Any CPU
		{06011BA0-A012-4C56-893D-B98163BB9D11}.Debug|Any CPU.ActiveCfg = Debug|Any CPU
		{06011BA0-A012-4C56-893D-B98163BB9D11}.Debug|Any CPU.Build.0 = Debug|Any CPU
		{06011BA0-A012-4C56-893D-B98163BB9D11}.Release|Any CPU.ActiveCfg = Release|Any CPU
		{06011BA0-A012-4C56-893D-B98163BB9D11}.Release|Any CPU.Build.0 = Release|Any CPU
		{D88EA73B-D77A-4B74-A119-2DF5F6ACD7A3}.Debug|Any CPU.ActiveCfg = Debug|Any CPU
		{D88EA73B-D77A-4B74-A119-2DF5F6ACD7A3}.Debug|Any CPU.Build.0 = Debug|Any CPU
		{D88EA73B-D77A-4B74-A119-2DF5F6ACD7A3}.Release|Any CPU.ActiveCfg = Release|Any CPU
		{D88EA73B-D77A-4B74-A119-2DF5F6ACD7A3}.Release|Any CPU.Build.0 = Release|Any CPU
		{DD0C3524-5D75-4183-8978-60C6A457F049}.Debug|Any CPU.ActiveCfg = Debug|Any CPU
		{DD0C3524-5D75-4183-8978-60C6A457F049}.Debug|Any CPU.Build.0 = Debug|Any CPU
		{DD0C3524-5D75-4183-8978-60C6A457F049}.Release|Any CPU.ActiveCfg = Release|Any CPU
		{DD0C3524-5D75-4183-8978-60C6A457F049}.Release|Any CPU.Build.0 = Release|Any CPU
		{C1AB8601-970A-42C3-AC40-FCC7F166EDD6}.Debug|Any CPU.ActiveCfg = Debug|Any CPU
		{C1AB8601-970A-42C3-AC40-FCC7F166EDD6}.Debug|Any CPU.Build.0 = Debug|Any CPU
		{C1AB8601-970A-42C3-AC40-FCC7F166EDD6}.Release|Any CPU.ActiveCfg = Release|Any CPU
		{C1AB8601-970A-42C3-AC40-FCC7F166EDD6}.Release|Any CPU.Build.0 = Release|Any CPU
	EndGlobalSection
	GlobalSection(SolutionProperties) = preSolution
		HideSolutionNode = FALSE
	EndGlobalSection
	GlobalSection(NestedProjects) = preSolution
		{57264E91-1F5C-42DB-B8B4-C57CE7344642} = {4B576EA6-86A0-444A-90A3-6CCE1ADF20E8}
		{BCFE6307-CBAF-40A7-9C73-EE02D0F3E51A} = {4B576EA6-86A0-444A-90A3-6CCE1ADF20E8}
		{A83A8565-3B72-46B4-85E0-27255E6A675C} = {4B576EA6-86A0-444A-90A3-6CCE1ADF20E8}
		{C6ADC353-C9A7-4EC6-9A73-D4C8B009B7BA} = {B342C11B-B383-4464-B9A2-499393A1C345}
		{860B98DC-0749-4890-AEC6-6CB8D6E54D53} = {57264E91-1F5C-42DB-B8B4-C57CE7344642}
		{0C3F99E5-825E-43DC-BBA1-5341FFA3B6DF} = {BCFE6307-CBAF-40A7-9C73-EE02D0F3E51A}
		{06011BA0-A012-4C56-893D-B98163BB9D11} = {BCFE6307-CBAF-40A7-9C73-EE02D0F3E51A}
		{D88EA73B-D77A-4B74-A119-2DF5F6ACD7A3} = {A83A8565-3B72-46B4-85E0-27255E6A675C}
		{DD0C3524-5D75-4183-8978-60C6A457F049} = {A83A8565-3B72-46B4-85E0-27255E6A675C}
		{C1AB8601-970A-42C3-AC40-FCC7F166EDD6} = {A83A8565-3B72-46B4-85E0-27255E6A675C}
	EndGlobalSection
	GlobalSection(ExtensibilityGlobals) = postSolution
		SolutionGuid = {5D7481C6-AF34-4AF5-B6A8-ABE2FEF5108D}
	EndGlobalSection
EndGlobal
